
Microsoft Visual Studio Solution File, Format Version 12.00
# Visual Studio 15
VisualStudioVersion = 15.0.28307.779
MinimumVisualStudioVersion = 10.0.40219.1
Project("{FAE04EC0-301F-11D3-BF4B-00C04F79EFBC}") = "_01_namespaces", "_01_namespaces\_01_namespaces.csproj", "{916007BB-20C7-4144-B712-954C508B835F}"
EndProject
Project("{FAE04EC0-301F-11D3-BF4B-00C04F79EFBC}") = "_02_using", "_02_using\_02_using.csproj", "{77FCAD9A-DCFD-41A7-A1C9-EF0A7AA55E85}"
EndProject
Project("{FAE04EC0-301F-11D3-BF4B-00C04F79EFBC}") = "_03_inner_ns", "_03_inner_ns\_03_inner_ns.csproj", "{93107517-F1AA-4517-B646-C902F30DABF2}"
EndProject
Project("{FAE04EC0-301F-11D3-BF4B-00C04F79EFBC}") = "_04_partial_ns", "_04_partial_ns\_04_partial_ns.csproj", "{20E7D29A-3C6F-4AE0-9E03-7530DAFC4B7A}"
EndProject
Project("{FAE04EC0-301F-11D3-BF4B-00C04F79EFBC}") = "_05_aliases", "_05_aliases\_05_aliases.csproj", "{C70AF350-B9D3-4B73-9FF4-8852886981DC}"
EndProject
Project("{FAE04EC0-301F-11D3-BF4B-00C04F79EFBC}") = "_06_using_static", "_06_using_static\_06_using_static.csproj", "{BFAA58E6-7A81-4E56-A4F6-2390060A8777}"
EndProject
Global
	GlobalSection(SolutionConfigurationPlatforms) = preSolution
		Debug|Any CPU = Debug|Any CPU
		Release|Any CPU = Release|Any CPU
	EndGlobalSection
	GlobalSection(ProjectConfigurationPlatforms) = postSolution
		{916007BB-20C7-4144-B712-954C508B835F}.Debug|Any CPU.ActiveCfg = Debug|Any CPU
		{916007BB-20C7-4144-B712-954C508B835F}.Debug|Any CPU.Build.0 = Debug|Any CPU
		{916007BB-20C7-4144-B712-954C508B835F}.Release|Any CPU.ActiveCfg = Release|Any CPU
		{916007BB-20C7-4144-B712-954C508B835F}.Release|Any CPU.Build.0 = Release|Any CPU
		{77FCAD9A-DCFD-41A7-A1C9-EF0A7AA55E85}.Debug|Any CPU.ActiveCfg = Debug|Any CPU
		{77FCAD9A-DCFD-41A7-A1C9-EF0A7AA55E85}.Debug|Any CPU.Build.0 = Debug|Any CPU
		{77FCAD9A-DCFD-41A7-A1C9-EF0A7AA55E85}.Release|Any CPU.ActiveCfg = Release|Any CPU
		{77FCAD9A-DCFD-41A7-A1C9-EF0A7AA55E85}.Release|Any CPU.Build.0 = Release|Any CPU
		{93107517-F1AA-4517-B646-C902F30DABF2}.Debug|Any CPU.ActiveCfg = Debug|Any CPU
		{93107517-F1AA-4517-B646-C902F30DABF2}.Debug|Any CPU.Build.0 = Debug|Any CPU
		{93107517-F1AA-4517-B646-C902F30DABF2}.Release|Any CPU.ActiveCfg = Release|Any CPU
		{93107517-F1AA-4517-B646-C902F30DABF2}.Release|Any CPU.Build.0 = Release|Any CPU
		{20E7D29A-3C6F-4AE0-9E03-7530DAFC4B7A}.Debug|Any CPU.ActiveCfg = Debug|Any CPU
		{20E7D29A-3C6F-4AE0-9E03-7530DAFC4B7A}.Debug|Any CPU.Build.0 = Debug|Any CPU
		{20E7D29A-3C6F-4AE0-9E03-7530DAFC4B7A}.Release|Any CPU.ActiveCfg = Release|Any CPU
		{20E7D29A-3C6F-4AE0-9E03-7530DAFC4B7A}.Release|Any CPU.Build.0 = Release|Any CPU
		{C70AF350-B9D3-4B73-9FF4-8852886981DC}.Debug|Any CPU.ActiveCfg = Debug|Any CPU
		{C70AF350-B9D3-4B73-9FF4-8852886981DC}.Debug|Any CPU.Build.0 = Debug|Any CPU
		{C70AF350-B9D3-4B73-9FF4-8852886981DC}.Release|Any CPU.ActiveCfg = Release|Any CPU
		{C70AF350-B9D3-4B73-9FF4-8852886981DC}.Release|Any CPU.Build.0 = Release|Any CPU
		{BFAA58E6-7A81-4E56-A4F6-2390060A8777}.Debug|Any CPU.ActiveCfg = Debug|Any CPU
		{BFAA58E6-7A81-4E56-A4F6-2390060A8777}.Debug|Any CPU.Build.0 = Debug|Any CPU
		{BFAA58E6-7A81-4E56-A4F6-2390060A8777}.Release|Any CPU.ActiveCfg = Release|Any CPU
		{BFAA58E6-7A81-4E56-A4F6-2390060A8777}.Release|Any CPU.Build.0 = Release|Any CPU
	EndGlobalSection
	GlobalSection(SolutionProperties) = preSolution
		HideSolutionNode = FALSE
	EndGlobalSection
	GlobalSection(ExtensibilityGlobals) = postSolution
		SolutionGuid = {1FF56C7B-7BD0-48CC-9CA2-EBC4C918A95D}
	EndGlobalSection
EndGlobal
